
Microsoft Visual Studio Solution File, Format Version 12.00
# Visual Studio Version 16
VisualStudioVersion = 16.0.30717.126
MinimumVisualStudioVersion = 10.0.40219.1
Project("{FAE04EC0-301F-11D3-BF4B-00C04F79EFBC}") = "TodoList", "TodoList.csproj", "{451FFC11-8438-44E1-9B7D-1416759E91AF}"
EndProject
Global
	GlobalSection(SolutionConfigurationPlatforms) = preSolution
		Debug|Any CPU = Debug|Any CPU
		Release|Any CPU = Release|Any CPU
	EndGlobalSection
	GlobalSection(ProjectConfigurationPlatforms) = postSolution
		{451FFC11-8438-44E1-9B7D-1416759E91AF}.Debug|Any CPU.ActiveCfg = Debug|Any CPU
		{451FFC11-8438-44E1-9B7D-1416759E91AF}.Debug|Any CPU.Build.0 = Debug|Any CPU
		{451FFC11-8438-44E1-9B7D-1416759E91AF}.Release|Any CPU.ActiveCfg = Release|Any CPU
		{451FFC11-8438-44E1-9B7D-1416759E91AF}.Release|Any CPU.Build.0 = Release|Any CPU
	EndGlobalSection
	GlobalSection(SolutionProperties) = preSolution
		HideSolutionNode = FALSE
	EndGlobalSection
	GlobalSection(ExtensibilityGlobals) = postSolution
		SolutionGuid = {722B0E19-EBD5-4F75-AC11-7348C13286D7}
	EndGlobalSection
EndGlobal
